Microsoft Visual Studio Solution File, Format Version 9.00
# Visual Studio 2005
Project("{FAE04EC0-301F-11D3-BF4B-00C04F79EFBC}") = "WindowsApplication32", "WindowsApplication32\WindowsApplication32.csproj", "{1499BDB0-BFE8-4460-912C-49BFD049AEAF}"
EndProject
Global
	GlobalSection(SolutionConfigurationPlatforms) = preSolution
		Debug|Any CPU = Debug|Any CPU
		Release|Any CPU = Release|Any CPU
	EndGlobalSection
	GlobalSection(ProjectConfigurationPlatforms) = postSolution
		{1499BDB0-BFE8-4460-912C-49BFD049AEAF}.Debug|Any CPU.ActiveCfg = Debug|Any CPU
		{1499BDB0-BFE8-4460-912C-49BFD049AEAF}.Debug|Any CPU.Build.0 = Debug|Any CPU
		{1499BDB0-BFE8-4460-912C-49BFD049AEAF}.Release|Any CPU.ActiveCfg = Release|Any CPU
		{1499BDB0-BFE8-4460-912C-49BFD049AEAF}.Release|Any CPU.Build.0 = Release|Any CPU
	EndGlobalSection
	GlobalSection(SolutionProperties) = preSolution
		HideSolutionNode = FALSE
	EndGlobalSection
EndGlobal
